
Microsoft Visual Studio Solution File, Format Version 12.00
# Visual Studio 14
VisualStudioVersion = 14.0.25420.1
MinimumVisualStudioVersion = 10.0.40219.1
Project("{FAE04EC0-301F-11D3-BF4B-00C04F79EFBC}") = "RandomSteamGame", "RandomSteamGame\RandomSteamGame.csproj", "{C9A52286-50ED-4658-86A8-08449075906E}"
EndProject
Global
	GlobalSection(SolutionConfigurationPlatforms) = preSolution
		Debug|Any CPU = Debug|Any CPU
		Release|Any CPU = Release|Any CPU
	EndGlobalSection
	GlobalSection(ProjectConfigurationPlatforms) = postSolution
		{C9A52286-50ED-4658-86A8-08449075906E}.Debug|Any CPU.ActiveCfg = Debug|Any CPU
		{C9A52286-50ED-4658-86A8-08449075906E}.Debug|Any CPU.Build.0 = Debug|Any CPU
		{C9A52286-50ED-4658-86A8-08449075906E}.Release|Any CPU.ActiveCfg = Release|Any CPU
		{C9A52286-50ED-4658-86A8-08449075906E}.Release|Any CPU.Build.0 = Release|Any CPU
	EndGlobalSection
	GlobalSection(SolutionProperties) = preSolution
		HideSolutionNode = FALSE
	EndGlobalSection
	GlobalSection(ExtensibilityGlobals) = postSolution
		SolutionGuid = {7DFA41A6-B751-4268-BC6B-91E387F1F5B7}
	EndGlobalSection
EndGlobal
